# THIS IS AN AUTOGENERATED FILE. DO NOT EDIT THIS FILE DIRECTLY.
# yarn lockfile v1


"@discoveryjs/json-ext@^0.5.0":
  version "0.5.7"
  resolved "https://registry.npmmirror.com/@discoveryjs/json-ext/-/json-ext-0.5.7.tgz"
  integrity sha512-dBVuXR082gk3jsFp7Rd/JI4kytwGHecnCoTtXFb7DB6CNHp4rg5k1bhg0nWdLGLnOV71lmDzGQaLMy8iPLY0pw==

"@jridgewell/gen-mapping@^0.3.0":
  version "0.3.3"
  resolved "https://registry.npmmirror.com/@jridgewell/gen-mapping/-/gen-mapping-0.3.3.tgz"
  integrity sha512-HLhSWOLRi875zjjMG/r+Nv0oCW8umGb0BgEhyX3dDX3egwZtB8PqLnjz3yedt8R5StBrzcg4aBpnh8UA9D1BoQ==
  dependencies:
    "@jridgewell/set-array" "^1.0.1"
    "@jridgewell/sourcemap-codec" "^1.4.10"
    "@jridgewell/trace-mapping" "^0.3.9"

"@jridgewell/resolve-uri@^3.1.0":
  version "3.1.1"
  resolved "https://registry.npmmirror.com/@jridgewell/resolve-uri/-/resolve-uri-3.1.1.tgz"
  integrity sha512-dSYZh7HhCDtCKm4QakX0xFpsRDqjjtZf/kjI/v3T3Nwt5r8/qz/M19F9ySyOqU94SXBmeG9ttTul+YnR4LOxFA==

"@jridgewell/set-array@^1.0.1":
  version "1.1.2"
  resolved "https://registry.npmmirror.com/@jridgewell/set-array/-/set-array-1.1.2.tgz"
  integrity sha512-xnkseuNADM0gt2bs+BvhO0p78Mk762YnZdsuzFV018NoG1Sj1SCQvpSqa7XUaTam5vAGasABV9qXASMKnFMwMw==

"@jridgewell/source-map@^0.3.3":
  version "0.3.5"
  resolved "https://registry.npmmirror.com/@jridgewell/source-map/-/source-map-0.3.5.tgz"
  integrity sha512-UTYAUj/wviwdsMfzoSJspJxbkH5o1snzwX0//0ENX1u/55kkZZkcTZP6u9bwKGkv+dkk9at4m1Cpt0uY80kcpQ==
  dependencies:
    "@jridgewell/gen-mapping" "^0.3.0"
    "@jridgewell/trace-mapping" "^0.3.9"

"@jridgewell/sourcemap-codec@^1.4.10", "@jridgewell/sourcemap-codec@^1.4.14":
  version "1.4.15"
  resolved "https://registry.npmmirror.com/@jridgewell/sourcemap-codec/-/sourcemap-codec-1.4.15.tgz"
  integrity sha512-eF2rxCRulEKXHTRiDrDy6erMYWqNw4LPdQ8UQA4huuxaQsVeRPFl2oM8oDGxMFhJUWZf9McpLtJasDDZb/Bpeg==

"@jridgewell/trace-mapping@^0.3.20", "@jridgewell/trace-mapping@^0.3.9":
  version "0.3.20"
  resolved "https://registry.npmmirror.com/@jridgewell/trace-mapping/-/trace-mapping-0.3.20.tgz"
  integrity sha512-R8LcPeWZol2zR8mmH3JeKQ6QRCFb7XgUhV9ZlGhHLGyg4wpPiPZNQOOWhFZhxKw8u//yTbNGI42Bx/3paXEQ+Q==
  dependencies:
    "@jridgewell/resolve-uri" "^3.1.0"
    "@jridgewell/sourcemap-codec" "^1.4.14"

"@types/eslint-scope@^3.7.3":
  version "3.7.7"
  resolved "https://registry.npmmirror.com/@types/eslint-scope/-/eslint-scope-3.7.7.tgz"
  integrity sha512-MzMFlSLBqNF2gcHWO0G1vP/YQyfvrxZ0bF+u7mzUdZ1/xK4A4sru+nraZz5i3iEIk1l1uyicaDVTB4QbbEkAYg==
  dependencies:
    "@types/eslint" "*"
    "@types/estree" "*"

"@types/eslint@*":
  version "8.56.1"
  resolved "https://registry.npmmirror.com/@types/eslint/-/eslint-8.56.1.tgz"
  integrity sha512-18PLWRzhy9glDQp3+wOgfLYRWlhgX0azxgJ63rdpoUHyrC9z0f5CkFburjQx4uD7ZCruw85ZtMt6K+L+R8fLJQ==
  dependencies:
    "@types/estree" "*"
    "@types/json-schema" "*"

"@types/estree@*", "@types/estree@^1.0.0":
  version "1.0.5"
  resolved "https://registry.npmmirror.com/@types/estree/-/estree-1.0.5.tgz"
  integrity sha512-/kYRxGDLWzHOB7q+wtSUQlFrtcdUccpfy+X+9iMBpHK8QLLhx2wIPYuS5DYtR9Wa/YlZAbIovy7qVdB1Aq6Lyw==

"@types/json-schema@*", "@types/json-schema@^7.0.8":
  version "7.0.15"
  resolved "https://registry.npmmirror.com/@types/json-schema/-/json-schema-7.0.15.tgz"
  integrity sha512-5+fP8P8MFNC+AyZCDxrB2pkZFPGzqQWUzpSeuuVLvm8VMcorNYavBqoFcxK8bQz4Qsbn4oUEEem4wDLfcysGHA==

"@types/node@*":
  version "20.10.7"
  resolved "https://registry.npmmirror.com/@types/node/-/node-20.10.7.tgz"
  integrity sha512-fRbIKb8C/Y2lXxB5eVMj4IU7xpdox0Lh8bUPEdtLysaylsml1hOOx1+STloRs/B9nf7C6kPRmmg/V7aQW7usNg==
  dependencies:
    undici-types "~5.26.4"

"@webassemblyjs/ast@1.11.6", "@webassemblyjs/ast@^1.11.5":
  version "1.11.6"
  resolved "https://registry.npmmirror.com/@webassemblyjs/ast/-/ast-1.11.6.tgz"
  integrity sha512-IN1xI7PwOvLPgjcf180gC1bqn3q/QaOCwYUahIOhbYUu8KA/3tw2RT/T0Gidi1l7Hhj5D/INhJxiICObqpMu4Q==
  dependencies:
    "@webassemblyjs/helper-numbers" "1.11.6"
    "@webassemblyjs/helper-wasm-bytecode" "1.11.6"

"@webassemblyjs/floating-point-hex-parser@1.11.6":
  version "1.11.6"
  resolved "https://registry.npmmirror.com/@webassemblyjs/floating-point-hex-parser/-/floating-point-hex-parser-1.11.6.tgz"
  integrity sha512-ejAj9hfRJ2XMsNHk/v6Fu2dGS+i4UaXBXGemOfQ/JfQ6mdQg/WXtwleQRLLS4OvfDhv8rYnVwH27YJLMyYsxhw==

"@webassemblyjs/helper-api-error@1.11.6":
  version "1.11.6"
  resolved "https://registry.npmmirror.com/@webassemblyjs/helper-api-error/-/helper-api-error-1.11.6.tgz"
  integrity sha512-o0YkoP4pVu4rN8aTJgAyj9hC2Sv5UlkzCHhxqWj8butaLvnpdc2jOwh4ewE6CX0txSfLn/UYaV/pheS2Txg//Q==

"@webassemblyjs/helper-buffer@1.11.6":
  version "1.11.6"
  resolved "https://registry.npmmirror.com/@webassemblyjs/helper-buffer/-/helper-buffer-1.11.6.tgz"
  integrity sha512-z3nFzdcp1mb8nEOFFk8DrYLpHvhKC3grJD2ardfKOzmbmJvEf/tPIqCY+sNcwZIY8ZD7IkB2l7/pqhUhqm7hLA==

"@webassemblyjs/helper-numbers@1.11.6":
  version "1.11.6"
  resolved "https://registry.npmmirror.com/@webassemblyjs/helper-numbers/-/helper-numbers-1.11.6.tgz"
  integrity sha512-vUIhZ8LZoIWHBohiEObxVm6hwP034jwmc9kuq5GdHZH0wiLVLIPcMCdpJzG4C11cHoQ25TFIQj9kaVADVX7N3g==
  dependencies:
    "@webassemblyjs/floating-point-hex-parser" "1.11.6"
    "@webassemblyjs/helper-api-error" "1.11.6"
    "@xtuc/long" "4.2.2"

"@webassemblyjs/helper-wasm-bytecode@1.11.6":
  version "1.11.6"
  resolved "https://registry.npmmirror.com/@webassemblyjs/helper-wasm-bytecode/-/helper-wasm-bytecode-1.11.6.tgz"
  integrity sha512-sFFHKwcmBprO9e7Icf0+gddyWYDViL8bpPjJJl0WHxCdETktXdmtWLGVzoHbqUcY4Be1LkNfwTmXOJUFZYSJdA==

"@webassemblyjs/helper-wasm-section@1.11.6":
  version "1.11.6"
  resolved "https://registry.npmmirror.com/@webassemblyjs/helper-wasm-section/-/helper-wasm-section-1.11.6.tgz"
  integrity sha512-LPpZbSOwTpEC2cgn4hTydySy1Ke+XEu+ETXuoyvuyezHO3Kjdu90KK95Sh9xTbmjrCsUwvWwCOQQNta37VrS9g==
  dependencies:
    "@webassemblyjs/ast" "1.11.6"
    "@webassemblyjs/helper-buffer" "1.11.6"
    "@webassemblyjs/helper-wasm-bytecode" "1.11.6"
    "@webassemblyjs/wasm-gen" "1.11.6"

"@webassemblyjs/ieee754@1.11.6":
  version "1.11.6"
  resolved "https://registry.npmmirror.com/@webassemblyjs/ieee754/-/ieee754-1.11.6.tgz"
  integrity sha512-LM4p2csPNvbij6U1f19v6WR56QZ8JcHg3QIJTlSwzFcmx6WSORicYj6I63f9yU1kEUtrpG+kjkiIAkevHpDXrg==
  dependencies:
    "@xtuc/ieee754" "^1.2.0"

"@webassemblyjs/leb128@1.11.6":
  version "1.11.6"
  resolved "https://registry.npmmirror.com/@webassemblyjs/leb128/-/leb128-1.11.6.tgz"
  integrity sha512-m7a0FhE67DQXgouf1tbN5XQcdWoNgaAuoULHIfGFIEVKA6tu/edls6XnIlkmS6FrXAquJRPni3ZZKjw6FSPjPQ==
  dependencies:
    "@xtuc/long" "4.2.2"

"@webassemblyjs/utf8@1.11.6":
  version "1.11.6"
  resolved "https://registry.npmmirror.com/@webassemblyjs/utf8/-/utf8-1.11.6.tgz"
  integrity sha512-vtXf2wTQ3+up9Zsg8sa2yWiQpzSsMyXj0qViVP6xKGCUT8p8YJ6HqI7l5eCnWx1T/FYdsv07HQs2wTFbbof/RA==

"@webassemblyjs/wasm-edit@^1.11.5":
  version "1.11.6"
  resolved "https://registry.npmmirror.com/@webassemblyjs/wasm-edit/-/wasm-edit-1.11.6.tgz"
  integrity sha512-Ybn2I6fnfIGuCR+Faaz7YcvtBKxvoLV3Lebn1tM4o/IAJzmi9AWYIPWpyBfU8cC+JxAO57bk4+zdsTjJR+VTOw==
  dependencies:
    "@webassemblyjs/ast" "1.11.6"
    "@webassemblyjs/helper-buffer" "1.11.6"
    "@webassemblyjs/helper-wasm-bytecode" "1.11.6"
    "@webassemblyjs/helper-wasm-section" "1.11.6"
    "@webassemblyjs/wasm-gen" "1.11.6"
    "@webassemblyjs/wasm-opt" "1.11.6"
    "@webassemblyjs/wasm-parser" "1.11.6"
    "@webassemblyjs/wast-printer" "1.11.6"

"@webassemblyjs/wasm-gen@1.11.6":
  version "1.11.6"
  resolved "https://registry.npmmirror.com/@webassemblyjs/wasm-gen/-/wasm-gen-1.11.6.tgz"
  integrity sha512-3XOqkZP/y6B4F0PBAXvI1/bky7GryoogUtfwExeP/v7Nzwo1QLcq5oQmpKlftZLbT+ERUOAZVQjuNVak6UXjPA==
  dependencies:
    "@webassemblyjs/ast" "1.11.6"
    "@webassemblyjs/helper-wasm-bytecode" "1.11.6"
    "@webassemblyjs/ieee754" "1.11.6"
    "@webassemblyjs/leb128" "1.11.6"
    "@webassemblyjs/utf8" "1.11.6"

"@webassemblyjs/wasm-opt@1.11.6":
  version "1.11.6"
  resolved "https://registry.npmmirror.com/@webassemblyjs/wasm-opt/-/wasm-opt-1.11.6.tgz"
  integrity sha512-cOrKuLRE7PCe6AsOVl7WasYf3wbSo4CeOk6PkrjS7g57MFfVUF9u6ysQBBODX0LdgSvQqRiGz3CXvIDKcPNy4g==
  dependencies:
    "@webassemblyjs/ast" "1.11.6"
    "@webassemblyjs/helper-buffer" "1.11.6"
    "@webassemblyjs/wasm-gen" "1.11.6"
    "@webassemblyjs/wasm-parser" "1.11.6"

"@webassemblyjs/wasm-parser@1.11.6", "@webassemblyjs/wasm-parser@^1.11.5":
  version "1.11.6"
  resolved "https://registry.npmmirror.com/@webassemblyjs/wasm-parser/-/wasm-parser-1.11.6.tgz"
  integrity sha512-6ZwPeGzMJM3Dqp3hCsLgESxBGtT/OeCvCZ4TA1JUPYgmhAx38tTPR9JaKy0S5H3evQpO/h2uWs2j6Yc/fjkpTQ==
  dependencies:
    "@webassemblyjs/ast" "1.11.6"
    "@webassemblyjs/helper-api-error" "1.11.6"
    "@webassemblyjs/helper-wasm-bytecode" "1.11.6"
    "@webassemblyjs/ieee754" "1.11.6"
    "@webassemblyjs/leb128" "1.11.6"
    "@webassemblyjs/utf8" "1.11.6"

"@webassemblyjs/wast-printer@1.11.6":
  version "1.11.6"
  resolved "https://registry.npmmirror.com/@webassemblyjs/wast-printer/-/wast-printer-1.11.6.tgz"
  integrity sha512-JM7AhRcE+yW2GWYaKeHL5vt4xqee5N2WcezptmgyhNS+ScggqcT1OtXykhAb13Sn5Yas0j2uv9tHgrjwvzAP4A==
  dependencies:
    "@webassemblyjs/ast" "1.11.6"
    "@xtuc/long" "4.2.2"

"@webpack-cli/configtest@^2.1.1":
  version "2.1.1"
  resolved "https://registry.npmmirror.com/@webpack-cli/configtest/-/configtest-2.1.1.tgz"
  integrity sha512-wy0mglZpDSiSS0XHrVR+BAdId2+yxPSoJW8fsna3ZpYSlufjvxnP4YbKTCBZnNIcGN4r6ZPXV55X4mYExOfLmw==

"@webpack-cli/info@^2.0.2":
  version "2.0.2"
  resolved "https://registry.npmmirror.com/@webpack-cli/info/-/info-2.0.2.tgz"
  integrity sha512-zLHQdI/Qs1UyT5UBdWNqsARasIA+AaF8t+4u2aS2nEpBQh2mWIVb8qAklq0eUENnC5mOItrIB4LiS9xMtph18A==

"@webpack-cli/serve@^2.0.5":
  version "2.0.5"
  resolved "https://registry.npmmirror.com/@webpack-cli/serve/-/serve-2.0.5.tgz"
  integrity sha512-lqaoKnRYBdo1UgDX8uF24AfGMifWK19TxPmM5FHc2vAGxrJ/qtyUyFBWoY1tISZdelsQ5fBcOusifo5o5wSJxQ==

"@xtuc/ieee754@^1.2.0":
  version "1.2.0"
  resolved "https://registry.npmmirror.com/@xtuc/ieee754/-/ieee754-1.2.0.tgz"
  integrity sha512-DX8nKgqcGwsc0eJSqYt5lwP4DH5FlHnmuWWBRy7X0NcaGR0ZtuyeESgMwTYVEtxmsNGY+qit4QYT/MIYTOTPeA==

"@xtuc/long@4.2.2":
  version "4.2.2"
  resolved "https://registry.npmmirror.com/@xtuc/long/-/long-4.2.2.tgz"
  integrity sha512-NuHqBY1PB/D8xU6s/thBgOAiAP7HOYDQ32+BFZILJ8ivkUkAHQnWfn6WhL79Owj1qmUnoN/YPhktdIoucipkAQ==

acorn-import-assertions@^1.9.0:
  version "1.9.0"
  resolved "https://registry.npmmirror.com/acorn-import-assertions/-/acorn-import-assertions-1.9.0.tgz"
  integrity sha512-cmMwop9x+8KFhxvKrKfPYmN6/pKTYYHBqLa0DfvVZcKMJWNyWLnaqND7dx/qn66R7ewM1UX5XMaDVP5wlVTaVA==

acorn@^8.7.1, acorn@^8.8.2:
  version "8.11.3"
  resolved "https://registry.npmmirror.com/acorn/-/acorn-8.11.3.tgz"
  integrity sha512-Y9rRfJG5jcKOE0CLisYbojUjIrIEE7AGMzA/Sm4BslANhbS+cDMpgBdcPT91oJ7OuJ9hYJBx59RjbhxVnrF8Xg==

ajv-formats@^2.1.1:
  version "2.1.1"
  resolved "https://registry.npmmirror.com/ajv-formats/-/ajv-formats-2.1.1.tgz"
  integrity sha512-Wx0Kx52hxE7C18hkMEggYlEifqWZtYaRgouJor+WMdPnQyEK13vgEWyVNup7SoeeoLMsr4kf5h6dOW11I15MUA==
  dependencies:
    ajv "^8.0.0"

ajv-keywords@^3.5.2:
  version "3.5.2"
  resolved "https://registry.npmmirror.com/ajv-keywords/-/ajv-keywords-3.5.2.tgz"
  integrity sha512-5p6WTN0DdTGVQk6VjcEju19IgaHudalcfabD7yhDGeA6bcQnmL+CpveLJq/3hvfwd1aof6L386Ougkx6RfyMIQ==

ajv@^6.12.5:
  version "6.12.6"
  resolved "https://registry.npmmirror.com/ajv/-/ajv-6.12.6.tgz"
  integrity sha512-j3fVLgvTo527anyYyJOGTYJbG+vnnQYvE0m5mmkc1TK+nxAppkCLMIL0aZ4dblVCNoGShhm+kzE4ZUykBoMg4g==
  dependencies:
    fast-deep-equal "^3.1.1"
    fast-json-stable-stringify "^2.0.0"
    json-schema-traverse "^0.4.1"
    uri-js "^4.2.2"

ajv@^8.0.0, ajv@^8.6.3:
  version "8.12.0"
  resolved "https://registry.npmmirror.com/ajv/-/ajv-8.12.0.tgz"
  integrity sha512-sRu1kpcO9yLtYxBKvqfTeh9KzZEwO3STyX1HT+4CaDzC6HpTGYhIhPIzj9XuKU7KYDwnaeh5hcOwjy1QuJzBPA==
  dependencies:
    fast-deep-equal "^3.1.1"
    json-schema-traverse "^1.0.0"
    require-from-string "^2.0.2"
    uri-js "^4.2.2"

atomically@^1.7.0:
  version "1.7.0"
  resolved "https://registry.npmmirror.com/atomically/-/atomically-1.7.0.tgz"
  integrity sha512-Xcz9l0z7y9yQ9rdDaxlmaI4uJHf/T8g9hOEzJcsEqX2SjCj4J20uK7+ldkDHMbpJDK76wF7xEIgxc/vSlsfw5w==

browserslist@^4.14.5:
  version "4.22.2"
  resolved "https://registry.npmmirror.com/browserslist/-/browserslist-4.22.2.tgz"
  integrity sha512-0UgcrvQmBDvZHFGdYUehrCNIazki7/lUP3kkoi/r3YB2amZbFM9J43ZRkJTXBUZK4gmx56+Sqk9+Vs9mwZx9+A==
  dependencies:
    caniuse-lite "^1.0.30001565"
    electron-to-chromium "^1.4.601"
    node-releases "^2.0.14"
    update-browserslist-db "^1.0.13"

buffer-from@^1.0.0:
  version "1.1.2"
  resolved "https://registry.npmmirror.com/buffer-from/-/buffer-from-1.1.2.tgz"
  integrity sha512-E+XQCRwSbaaiChtv6k6Dwgc+bx+Bs6vuKJHHl5kox/BaKbhiXzqQOwK4cO22yElGp2OCmjwVhT3HmxgyPGnJfQ==

caniuse-lite@^1.0.30001565:
  version "1.0.30001576"
  resolved "https://registry.npmmirror.com/caniuse-lite/-/caniuse-lite-1.0.30001576.tgz"
  integrity sha512-ff5BdakGe2P3SQsMsiqmt1Lc8221NR1VzHj5jXN5vBny9A6fpze94HiVV/n7XRosOlsShJcvMv5mdnpjOGCEgg==

chrome-trace-event@^1.0.2:
  version "1.0.3"
  resolved "https://registry.npmmirror.com/chrome-trace-event/-/chrome-trace-event-1.0.3.tgz"
  integrity sha512-p3KULyQg4S7NIHixdwbGX+nFHkoBiA4YQmyWtjb8XngSKV124nJmRysgAeujbUVb15vh+RvFUfCPqU7rXk+hZg==

clone-deep@^4.0.1:
  version "4.0.1"
  resolved "https://registry.npmmirror.com/clone-deep/-/clone-deep-4.0.1.tgz"
  integrity sha512-neHB9xuzh/wk0dIHweyAXv2aPGZIVk3pLMe+/RNzINf17fe0OG96QroktYAUm7SM1PBnzTabaLboqqxDyMU+SQ==
  dependencies:
    is-plain-object "^2.0.4"
    kind-of "^6.0.2"
    shallow-clone "^3.0.0"

colorette@^2.0.14:
  version "2.0.20"
  resolved "https://registry.npmmirror.com/colorette/-/colorette-2.0.20.tgz"
  integrity sha512-IfEDxwoWIjkeXL1eXcDiow4UbKjhLdq6/EuSVR9GMN7KVH3r9gQ83e73hsz1Nd1T3ijd5xv1wcWRYO+D6kCI2w==

commander@^10.0.1:
  version "10.0.1"
  resolved "https://registry.npmmirror.com/commander/-/commander-10.0.1.tgz"
  integrity sha512-y4Mg2tXshplEbSGzx7amzPwKKOCGuoSRP/CjEdwwk0FOGlUbq6lKuoyDZTNZkmxHdJtp54hdfY/JUrdL7Xfdug==

commander@^2.20.0:
  version "2.20.3"
  resolved "https://registry.npmmirror.com/commander/-/commander-2.20.3.tgz"
  integrity sha512-GpVkmM8vF2vQUkj2LvZmD35JxeJOLCwJ9cUkugyk2nuhbv3+mJvpLYYt+0+USMxE+oj+ey/lJEnhZw75x/OMcQ==

conf@^10.2.0:
  version "10.2.0"
  resolved "https://registry.npmmirror.com/conf/-/conf-10.2.0.tgz"
  integrity sha512-8fLl9F04EJqjSqH+QjITQfJF8BrOVaYr1jewVgSRAEWePfxT0sku4w2hrGQ60BC/TNLGQ2pgxNlTbWQmMPFvXg==
  dependencies:
    ajv "^8.6.3"
    ajv-formats "^2.1.1"
    atomically "^1.7.0"
    debounce-fn "^4.0.0"
    dot-prop "^6.0.1"
    env-paths "^2.2.1"
    json-schema-typed "^7.0.3"
    onetime "^5.1.2"
    pkg-up "^3.1.0"
    semver "^7.3.5"

cross-spawn@^7.0.3:
  version "7.0.3"
  resolved "https://registry.npmmirror.com/cross-spawn/-/cross-spawn-7.0.3.tgz"
  integrity sha512-iRDPJKUPVEND7dHPO8rkbOnPpyDygcDFtWjpeWNCgy8WP2rXcxXL8TskReQl6OrB2G7+UJrags1q15Fudc7G6w==
  dependencies:
    path-key "^3.1.0"
    shebang-command "^2.0.0"
    which "^2.0.1"

debounce-fn@^4.0.0:
  version "4.0.0"
  resolved "https://registry.npmmirror.com/debounce-fn/-/debounce-fn-4.0.0.tgz"
  integrity sha512-8pYCQiL9Xdcg0UPSD3d+0KMlOjp+KGU5EPwYddgzQ7DATsg4fuUDjQtsYLmWjnk2obnNHgV3vE2Y4jejSOJVBQ==
  dependencies:
    mimic-fn "^3.0.0"

dot-prop@^6.0.1:
  version "6.0.1"
  resolved "https://registry.npmmirror.com/dot-prop/-/dot-prop-6.0.1.tgz"
  integrity sha512-tE7ztYzXHIeyvc7N+hR3oi7FIbf/NIjVP9hmAt3yMXzrQ072/fpjGLx2GxNxGxUl5V73MEqYzioOMoVhGMJ5cA==
  dependencies:
    is-obj "^2.0.0"

electron-log@^5.0.3:
  version "5.0.3"
  resolved "https://registry.npmmirror.com/electron-log/-/electron-log-5.0.3.tgz"
  integrity sha512-jUgAuRjfpCD9tmH1F6fb195YsFfM/DkqkZLhFeo0VAAstantn11bxmgx63uE6KG/JljHG7sIkgM2QEjDimJI0g==

electron-store@^8.1.0:
  version "8.1.0"
  resolved "https://registry.npmmirror.com/electron-store/-/electron-store-8.1.0.tgz"
  integrity sha512-2clHg/juMjOH0GT9cQ6qtmIvK183B39ZXR0bUoPwKwYHJsEF3quqyDzMFUAu+0OP8ijmN2CbPRAelhNbWUbzwA==
  dependencies:
    conf "^10.2.0"
    type-fest "^2.17.0"

electron-to-chromium@^1.4.601:
  version "1.4.623"
  resolved "https://registry.npmmirror.com/electron-to-chromium/-/electron-to-chromium-1.4.623.tgz"
  integrity sha512-lKoz10iCYlP1WtRYdh5MvocQPWVRoI7ysp6qf18bmeBgR8abE6+I2CsfyNKztRDZvhdWc+krKT6wS7Neg8sw3A==

enhanced-resolve@^5.15.0:
  version "5.15.0"
  resolved "https://registry.npmmirror.com/enhanced-resolve/-/enhanced-resolve-5.15.0.tgz"
  integrity sha512-LXYT42KJ7lpIKECr2mAXIaMldcNCh/7E0KBKOu4KSfkHmP+mZmSs+8V5gBAqisWBy0OO4W5Oyys0GO1Y8KtdKg==
  dependencies:
    graceful-fs "^4.2.4"
    tapable "^2.2.0"

env-paths@^2.2.1:
  version "2.2.1"
  resolved "https://registry.npmmirror.com/env-paths/-/env-paths-2.2.1.tgz"
  integrity sha512-+h1lkLKhZMTYjog1VEpJNG7NZJWcuc2DDk/qsqSTRRCOXiLjeQ1d1/udrUGhqMxUgAlwKNZ0cf2uqan5GLuS2A==

envinfo@^7.7.3:
  version "7.11.0"
  resolved "https://registry.npmmirror.com/envinfo/-/envinfo-7.11.0.tgz"
  integrity sha512-G9/6xF1FPbIw0TtalAMaVPpiq2aDEuKLXM314jPVAO9r2fo2a4BLqMNkmRS7O/xPPZ+COAhGIz3ETvHEV3eUcg==

es-module-lexer@^1.2.1:
  version "1.4.1"
  resolved "https://registry.npmmirror.com/es-module-lexer/-/es-module-lexer-1.4.1.tgz"
  integrity sha512-cXLGjP0c4T3flZJKQSuziYoq7MlT+rnvfZjfp7h+I7K9BNX54kP9nyWvdbwjQ4u1iWbOL4u96fgeZLToQlZC7w==

escalade@^3.1.1:
  version "3.1.1"
  resolved "https://registry.npmmirror.com/escalade/-/escalade-3.1.1.tgz"
  integrity sha512-k0er2gUkLf8O0zKJiAhmkTnJlTvINGv7ygDNPbeIsX/TJjGJZHuh9B2UxbsaEkmlEo9MfhrSzmhIlhRlI2GXnw==

eslint-scope@5.1.1:
  version "5.1.1"
  resolved "https://registry.npmmirror.com/eslint-scope/-/eslint-scope-5.1.1.tgz"
  integrity sha512-2NxwbF/hZ0KpepYN0cNbo+FN6XoK7GaHlQhgx/hIZl6Va0bF45RQOOwhLIy8lQDbuCiadSLCBnH2CFYquit5bw==
  dependencies:
    esrecurse "^4.3.0"
    estraverse "^4.1.1"

esrecurse@^4.3.0:
  version "4.3.0"
  resolved "https://registry.npmmirror.com/esrecurse/-/esrecurse-4.3.0.tgz"
  integrity sha512-KmfKL3b6G+RXvP8N1vr3Tq1kL/oCFgn2NYXEtqP8/L3pKapUA4G8cFVaoF3SU323CD4XypR/ffioHmkti6/Tag==
  dependencies:
    estraverse "^5.2.0"

estraverse@^4.1.1:
  version "4.3.0"
  resolved "https://registry.npmmirror.com/estraverse/-/estraverse-4.3.0.tgz"
  integrity sha512-39nnKffWz8xN1BU/2c79n9nB9HDzo0niYUqx6xyqUnyoAnQyyWpOTdZEeiCch8BBu515t4wp9ZmgVfVhn9EBpw==

estraverse@^5.2.0:
  version "5.3.0"
  resolved "https://registry.npmmirror.com/estraverse/-/estraverse-5.3.0.tgz"
  integrity sha512-MMdARuVEQziNTeJD8DgMqmhwR11BRQ/cBP+pLtYdSTnf3MIO8fFeiINEbX36ZdNlfU/7A9f3gUw49B3oQsvwBA==

events@^3.2.0:
  version "3.3.0"
  resolved "https://registry.npmmirror.com/events/-/events-3.3.0.tgz"
  integrity sha512-mQw+2fkQbALzQ7V0MY0IqdnXNOeTtP4r0lN9z7AAawCXgqea7bDii20AYrIBrFd/Hx0M2Ocz6S111CaFkUcb0Q==

fast-deep-equal@^3.1.1:
  version "3.1.3"
  resolved "https://registry.npmmirror.com/fast-deep-equal/-/fast-deep-equal-3.1.3.tgz"
  integrity sha512-f3qQ9oQy9j2AhBe/H9VC91wLmKBCCU/gDOnKNAYG5hswO7BLKj09Hc5HYNz9cGI++xlpDCIgDaitVs03ATR84Q==

fast-json-stable-stringify@^2.0.0:
  version "2.1.0"
  resolved "https://registry.npmmirror.com/fast-json-stable-stringify/-/fast-json-stable-stringify-2.1.0.tgz"
  integrity sha512-lhd/wF+Lk98HZoTCtlVraHtfh5XYijIjalXck7saUtuanSDyLMxnHhSXEDJqHxD7msR8D0uCmqlkwjCV8xvwHw==

fastest-levenshtein@^1.0.12:
  version "1.0.16"
  resolved "https://registry.npmmirror.com/fastest-levenshtein/-/fastest-levenshtein-1.0.16.tgz"
  integrity sha512-eRnCtTTtGZFpQCwhJiUOuxPQWRXVKYDn0b2PeHfXL6/Zi53SLAzAHfVhVWK2AryC/WH05kGfxhFIPvTF0SXQzg==

find-up@^3.0.0:
  version "3.0.0"
  resolved "https://registry.npmmirror.com/find-up/-/find-up-3.0.0.tgz"
  integrity sha512-1yD6RmLI1XBfxugvORwlck6f75tYL+iR0jqwsOrOxMZyGYqUuDhJ0l4AXdO1iX/FTs9cBAMEk1gWSEx1kSbylg==
  dependencies:
    locate-path "^3.0.0"

find-up@^4.0.0:
  version "4.1.0"
  resolved "https://registry.npmmirror.com/find-up/-/find-up-4.1.0.tgz"
  integrity sha512-PpOwAdQ/YlXQ2vj8a3h8IipDuYRi3wceVQQGYWxNINccq40Anw7BlsEXCMbt1Zt+OLA6Fq9suIpIWD0OsnISlw==
  dependencies:
    locate-path "^5.0.0"
    path-exists "^4.0.0"

flat@^5.0.2:
  version "5.0.2"
  resolved "https://registry.npmmirror.com/flat/-/flat-5.0.2.tgz"
  integrity sha512-b6suED+5/3rTpUBdG1gupIl8MPFCAMA0QXwmljLhvCUKcUvdE4gWky9zpuGCcXHOsz4J9wPGNWq6OKpmIzz3hQ==

function-bind@^1.1.2:
  version "1.1.2"
  resolved "https://registry.npmmirror.com/function-bind/-/function-bind-1.1.2.tgz"
  integrity sha512-7XHNxH7qX9xG5mIwxkhumTox/MIRNcOgDrxWsMt2pAr23WHp6MrRlN7FBSFpCpr+oVO0F744iUgR82nJMfG2SA==

glob-to-regexp@^0.4.1:
  version "0.4.1"
  resolved "https://registry.npmmirror.com/glob-to-regexp/-/glob-to-regexp-0.4.1.tgz"
  integrity sha512-lkX1HJXwyMcprw/5YUZc2s7DrpAiHB21/V+E1rHUrVNokkvB6bqMzT0VfV6/86ZNabt1k14YOIaT7nDvOX3Iiw==

graceful-fs@^4.1.2, graceful-fs@^4.2.4, graceful-fs@^4.2.9:
  version "4.2.11"
  resolved "https://registry.npmmirror.com/graceful-fs/-/graceful-fs-4.2.11.tgz"
  integrity sha512-RbJ5/jmFcNNCcDV5o9eTnBLJ/HszWV0P73bc+Ff4nS/rJj+YaS6IGyiOL0VoBYX+l1Wrl3k63h/KrH+nhJ0XvQ==

has-flag@^4.0.0:
  version "4.0.0"
  resolved "https://registry.npmmirror.com/has-flag/-/has-flag-4.0.0.tgz"
  integrity sha512-EykJT/Q1KjTWctppgIAgfSO0tKVuZUjhgMr17kqTumMl6Afv3EISleU7qZUzoXDFTAHTDC4NOoG/ZxU3EvlMPQ==

hasown@^2.0.0:
  version "2.0.0"
  resolved "https://registry.npmmirror.com/hasown/-/hasown-2.0.0.tgz"
  integrity sha512-vUptKVTpIJhcczKBbgnS+RtcuYMB8+oNzPK2/Hp3hanz8JmpATdmmgLgSaadVREkDm+e2giHwY3ZRkyjSIDDFA==
  dependencies:
    function-bind "^1.1.2"

import-local@^3.0.2:
  version "3.1.0"
  resolved "https://registry.npmmirror.com/import-local/-/import-local-3.1.0.tgz"
  integrity sha512-ASB07uLtnDs1o6EHjKpX34BKYDSqnFerfTOJL2HvMqF70LnxpjkzDB8J44oT9pu4AMPkQwf8jl6szgvNd2tRIg==
  dependencies:
    pkg-dir "^4.2.0"
    resolve-cwd "^3.0.0"

interpret@^3.1.1:
  version "3.1.1"
  resolved "https://registry.npmmirror.com/interpret/-/interpret-3.1.1.tgz"
  integrity sha512-6xwYfHbajpoF0xLW+iwLkhwgvLoZDfjYfoFNu8ftMoXINzwuymNLd9u/KmwtdT2GbR+/Cz66otEGEVVUHX9QLQ==

is-core-module@^2.13.0:
  version "2.13.1"
  resolved "https://registry.npmmirror.com/is-core-module/-/is-core-module-2.13.1.tgz"
  integrity sha512-hHrIjvZsftOsvKSn2TRYl63zvxsgE0K+0mYMoH6gD4omR5IWB2KynivBQczo3+wF1cCkjzvptnI9Q0sPU66ilw==
  dependencies:
    hasown "^2.0.0"

is-obj@^2.0.0:
  version "2.0.0"
  resolved "https://registry.npmmirror.com/is-obj/-/is-obj-2.0.0.tgz"
  integrity sha512-drqDG3cbczxxEJRoOXcOjtdp1J/lyp1mNn0xaznRs8+muBhgQcrnbspox5X5fOw0HnMnbfDzvnEMEtqDEJEo8w==

is-plain-object@^2.0.4:
  version "2.0.4"
  resolved "https://registry.npmmirror.com/is-plain-object/-/is-plain-object-2.0.4.tgz"
  integrity sha512-h5PpgXkWitc38BBMYawTYMWJHFZJVnBquFE57xFpjB8pJFiF6gZ+bU+WyI/yqXiFR5mdLsgYNaPe8uao6Uv9Og==
  dependencies:
    isobject "^3.0.1"

isexe@^2.0.0:
  version "2.0.0"
  resolved "https://registry.npmmirror.com/isexe/-/isexe-2.0.0.tgz"
  integrity sha512-RHxMLp9lnKHGHRng9QFhRCMbYAcVpn69smSGcq3f36xjgVVWThj4qqLbTLlq7Ssj8B+fIQ1EuCEGI2lKsyQeIw==

isobject@^3.0.1:
  version "3.0.1"
  resolved "https://registry.npmmirror.com/isobject/-/isobject-3.0.1.tgz"
  integrity sha512-WhB9zCku7EGTj/HQQRz5aUQEUeoQZH2bWcltRErOpymJ4boYE6wL9Tbr23krRPSZ+C5zqNSrSw+Cc7sZZ4b7vg==

jest-worker@^27.4.5:
  version "27.5.1"
  resolved "https://registry.npmmirror.com/jest-worker/-/jest-worker-27.5.1.tgz"
  integrity sha512-7vuh85V5cdDofPyxn58nrPjBktZo0u9x1g8WtjQol+jZDaE+fhN+cIvTj11GndBnMnyfrUOG1sZQxCdjKh+DKg==
  dependencies:
    "@types/node" "*"
    merge-stream "^2.0.0"
    supports-color "^8.0.0"

json-parse-even-better-errors@^2.3.1:
  version "2.3.1"
  resolved "https://registry.npmmirror.com/json-parse-even-better-errors/-/json-parse-even-better-errors-2.3.1.tgz"
  integrity sha512-xyFwyhro/JEof6Ghe2iz2NcXoj2sloNsWr/XsERDK/oiPCfaNhl5ONfp+jQdAZRQQ0IJWNzH9zIZF7li91kh2w==

json-schema-traverse@^0.4.1:
  version "0.4.1"
  resolved "https://registry.npmmirror.com/json-schema-traverse/-/json-schema-traverse-0.4.1.tgz"
  integrity sha512-xbbCH5dCYU5T8LcEhhuh7HJ88HXuW3qsI3Y0zOZFKfZEHcpWiHU/Jxzk629Brsab/mMiHQti9wMP+845RPe3Vg==

json-schema-traverse@^1.0.0:
  version "1.0.0"
  resolved "https://registry.npmmirror.com/json-schema-traverse/-/json-schema-traverse-1.0.0.tgz"
  integrity sha512-NM8/P9n3XjXhIZn1lLhkFaACTOURQXjWhV4BA/RnOv8xvgqtqpAX9IO4mRQxSx1Rlo4tqzeqb0sOlruaOy3dug==

json-schema-typed@^7.0.3:
  version "7.0.3"
  resolved "https://registry.npmmirror.com/json-schema-typed/-/json-schema-typed-7.0.3.tgz"
  integrity sha512-7DE8mpG+/fVw+dTpjbxnx47TaMnDfOI1jwft9g1VybltZCduyRQPJPvc+zzKY9WPHxhPWczyFuYa6I8Mw4iU5A==

kind-of@^6.0.2:
  version "6.0.3"
  resolved "https://registry.npmmirror.com/kind-of/-/kind-of-6.0.3.tgz"
  integrity sha512-dcS1ul+9tmeD95T+x28/ehLgd9mENa3LsvDTtzm3vyBEO7RPptvAD+t44WVXaUjTBRcrpFeFlC8WCruUR456hw==

loader-runner@^4.2.0:
  version "4.3.0"
  resolved "https://registry.npmmirror.com/loader-runner/-/loader-runner-4.3.0.tgz"
  integrity sha512-3R/1M+yS3j5ou80Me59j7F9IMs4PXs3VqRrm0TU3AbKPxlmpoY1TNscJV/oGJXo8qCatFGTfDbY6W6ipGOYXfg==

locate-path@^3.0.0:
  version "3.0.0"
  resolved "https://registry.npmmirror.com/locate-path/-/locate-path-3.0.0.tgz"
  integrity sha512-7AO748wWnIhNqAuaty2ZWHkQHRSNfPVIsPIfwEOWO22AmaoVrWavlOcMR5nzTLNYvp36X220/maaRsrec1G65A==
  dependencies:
    p-locate "^3.0.0"
    path-exists "^3.0.0"

locate-path@^5.0.0:
  version "5.0.0"
  resolved "https://registry.npmmirror.com/locate-path/-/locate-path-5.0.0.tgz"
  integrity sha512-t7hw9pI+WvuwNJXwk5zVHpyhIqzg2qTlklJOf0mVxGSbe3Fp2VieZcduNYjaLDoy6p9uGpQEGWG87WpMKlNq8g==
  dependencies:
    p-locate "^4.1.0"

lru-cache@^6.0.0:
  version "6.0.0"
  resolved "https://registry.npmmirror.com/lru-cache/-/lru-cache-6.0.0.tgz"
  integrity sha512-Jo6dJ04CmSjuznwJSS3pUeWmd/H0ffTlkXXgwZi+eq1UCmqQwCh+eLsYOYCwY991i2Fah4h1BEMCx4qThGbsiA==
  dependencies:
    yallist "^4.0.0"

merge-stream@^2.0.0:
  version "2.0.0"
  resolved "https://registry.npmmirror.com/merge-stream/-/merge-stream-2.0.0.tgz"
  integrity sha512-abv/qOcuPfk3URPfDzmZU1LKmuw8kT+0nIHvKrKgFrwifol/doWcdA4ZqsWQ8ENrFKkd67Mfpo/LovbIUsbt3w==

mime-db@1.52.0:
  version "1.52.0"
  resolved "https://registry.npmmirror.com/mime-db/-/mime-db-1.52.0.tgz"
  integrity sha512-sPU4uV7dYlvtWJxwwxHD0PuihVNiE7TyAbQ5SWxDCB9mUYvOgroQOwYQQOKPJ8CIbE+1ETVlOoK1UC2nU3gYvg==

mime-types@^2.1.27:
  version "2.1.35"
  resolved "https://registry.npmmirror.com/mime-types/-/mime-types-2.1.35.tgz"
  integrity sha512-ZDY+bPm5zTTF+YpCrAU9nK0UgICYPT0QtT1NZWFv4s++TNkcgVaT0g6+4R2uI4MjQjzysHB1zxuWL50hzaeXiw==
  dependencies:
    mime-db "1.52.0"

mimic-fn@^2.1.0:
  version "2.1.0"
  resolved "https://registry.npmmirror.com/mimic-fn/-/mimic-fn-2.1.0.tgz"
  integrity sha512-OqbOk5oEQeAZ8WXWydlu9HJjz9WVdEIvamMCcXmuqUYjTknH/sqsWvhQ3vgwKFRR1HpjvNBKQ37nbJgYzGqGcg==

mimic-fn@^3.0.0:
  version "3.1.0"
  resolved "https://registry.npmmirror.com/mimic-fn/-/mimic-fn-3.1.0.tgz"
  integrity sha512-Ysbi9uYW9hFyfrThdDEQuykN4Ey6BuwPD2kpI5ES/nFTDn/98yxYNLZJcgUAKPT/mcrLLKaGzJR9YVxJrIdASQ==

neo-async@^2.6.2:
  version "2.6.2"
  resolved "https://registry.npmmirror.com/neo-async/-/neo-async-2.6.2.tgz"
  integrity sha512-Yd3UES5mWCSqR+qNT93S3UoYUkqAZ9lLg8a7g9rimsWmYGK8cVToA4/sF3RrshdyV3sAGMXVUmpMYOw+dLpOuw==

node-machine-id@^1.1.12:
  version "1.1.12"
  resolved "https://registry.npmmirror.com/node-machine-id/-/node-machine-id-1.1.12.tgz"
  integrity sha512-QNABxbrPa3qEIfrE6GOJ7BYIuignnJw7iQ2YPbc3Nla1HzRJjXzZOiikfF8m7eAMfichLt3M4VgLOetqgDmgGQ==

node-releases@^2.0.14:
  version "2.0.14"
  resolved "https://registry.npmmirror.com/node-releases/-/node-releases-2.0.14.tgz"
  integrity sha512-y10wOWt8yZpqXmOgRo77WaHEmhYQYGNA6y421PKsKYWEK8aW+cqAphborZDhqfyKrbZEN92CN1X2KbafY2s7Yw==

onetime@^5.1.2:
  version "5.1.2"
  resolved "https://registry.npmmirror.com/onetime/-/onetime-5.1.2.tgz"
  integrity sha512-kbpaSSGJTWdAY5KPVeMOKXSrPtr8C8C7wodJbcsd51jRnmD+GZu8Y0VoU6Dm5Z4vWr0Ig/1NKuWRKf7j5aaYSg==
  dependencies:
    mimic-fn "^2.1.0"

p-limit@^2.0.0, p-limit@^2.2.0:
  version "2.3.0"
  resolved "https://registry.npmmirror.com/p-limit/-/p-limit-2.3.0.tgz"
  integrity sha512-//88mFWSJx8lxCzwdAABTJL2MyWB12+eIY7MDL2SqLmAkeKU9qxRvWuSyTjm3FUmpBEMuFfckAIqEaVGUDxb6w==
  dependencies:
    p-try "^2.0.0"

p-locate@^3.0.0:
  version "3.0.0"
  resolved "https://registry.npmmirror.com/p-locate/-/p-locate-3.0.0.tgz"
  integrity sha512-x+12w/To+4GFfgJhBEpiDcLozRJGegY+Ei7/z0tSLkMmxGZNybVMSfWj9aJn8Z5Fc7dBUNJOOVgPv2H7IwulSQ==
  dependencies:
    p-limit "^2.0.0"

p-locate@^4.1.0:
  version "4.1.0"
  resolved "https://registry.npmmirror.com/p-locate/-/p-locate-4.1.0.tgz"
  integrity sha512-R79ZZ/0wAxKGu3oYMlz8jy/kbhsNrS7SKZ7PxEHBgJ5+F2mtFW2fK2cOtBh1cHYkQsbzFV7I+EoRKe6Yt0oK7A==
  dependencies:
    p-limit "^2.2.0"

p-try@^2.0.0:
  version "2.2.0"
  resolved "https://registry.npmmirror.com/p-try/-/p-try-2.2.0.tgz"
  integrity sha512-R4nPAVTAU0B9D35/Gk3uJf/7XYbQcyohSKdvAxIRSNghFl4e71hVoGnBNQz9cWaXxO2I10KTC+3jMdvvoKw6dQ==

path-exists@^3.0.0:
  version "3.0.0"
  resolved "https://registry.npmmirror.com/path-exists/-/path-exists-3.0.0.tgz"
  integrity sha512-bpC7GYwiDYQ4wYLe+FA8lhRjhQCMcQGuSgGGqDkg/QerRWw9CmGRT0iSOVRSZJ29NMLZgIzqaljJ63oaL4NIJQ==

path-exists@^4.0.0:
  version "4.0.0"
  resolved "https://registry.npmmirror.com/path-exists/-/path-exists-4.0.0.tgz"
  integrity sha512-ak9Qy5Q7jYb2Wwcey5Fpvg2KoAc/ZIhLSLOSBmRmygPsGwkVVt0fZa0qrtMz+m6tJTAHfZQ8FnmB4MG4LWy7/w==

path-key@^3.1.0:
  version "3.1.1"
  resolved "https://registry.npmmirror.com/path-key/-/path-key-3.1.1.tgz"
  integrity sha512-ojmeN0qd+y0jszEtoY48r0Peq5dwMEkIlCOu6Q5f41lfkswXuKtYrhgoTpLnyIcHm24Uhqx+5Tqm2InSwLhE6Q==

path-parse@^1.0.7:
  version "1.0.7"
  resolved "https://registry.npmmirror.com/path-parse/-/path-parse-1.0.7.tgz"
  integrity sha512-LDJzPVEEEPR+y48z93A0Ed0yXb8pAByGWo/k5YYdYgpY2/2EsOsksJrq7lOHxryrVOn1ejG6oAp8ahvOIQD8sw==

picocolors@^1.0.0:
  version "1.0.0"
  resolved "https://registry.npmmirror.com/picocolors/-/picocolors-1.0.0.tgz"
  integrity sha512-1fygroTLlHu66zi26VoTDv8yRgm0Fccecssto+MhsZ0D/DGW2sm8E8AjW7NU5VVTRt5GxbeZ5qBuJr+HyLYkjQ==

pkg-dir@^4.2.0:
  version "4.2.0"
  resolved "https://registry.npmmirror.com/pkg-dir/-/pkg-dir-4.2.0.tgz"
  integrity sha512-HRDzbaKjC+AOWVXxAU/x54COGeIv9eb+6CkDSQoNTt4XyWoIJvuPsXizxu/Fr23EiekbtZwmh1IcIG/l/a10GQ==
  dependencies:
    find-up "^4.0.0"

pkg-up@^3.1.0:
  version "3.1.0"
  resolved "https://registry.npmmirror.com/pkg-up/-/pkg-up-3.1.0.tgz"
  integrity sha512-nDywThFk1i4BQK4twPQ6TA4RT8bDY96yeuCVBWL3ePARCiEKDRSrNGbFIgUJpLp+XeIR65v8ra7WuJOFUBtkMA==
  dependencies:
    find-up "^3.0.0"

punycode@^2.1.0:
  version "2.3.1"
  resolved "https://registry.npmmirror.com/punycode/-/punycode-2.3.1.tgz"
  integrity sha512-vYt7UD1U9Wg6138shLtLOvdAu+8DsC/ilFtEVHcH+wydcSpNE20AfSOduf6MkRFahL5FY7X1oU7nKVZFtfq8Fg==

randombytes@^2.1.0:
  version "2.1.0"
  resolved "https://registry.npmmirror.com/randombytes/-/randombytes-2.1.0.tgz"
  integrity sha512-vYl3iOX+4CKUWuxGi9Ukhie6fsqXqS9FE2Zaic4tNFD2N2QQaXOMFbuKK4QmDHC0JO6B1Zp41J0LpT0oR68amQ==
  dependencies:
    safe-buffer "^5.1.0"

rechoir@^0.8.0:
  version "0.8.0"
  resolved "https://registry.npmmirror.com/rechoir/-/rechoir-0.8.0.tgz"
  integrity sha512-/vxpCXddiX8NGfGO/mTafwjq4aFa/71pvamip0++IQk3zG8cbCj0fifNPrjjF1XMXUne91jL9OoxmdykoEtifQ==
  dependencies:
    resolve "^1.20.0"

require-from-string@^2.0.2:
  version "2.0.2"
  resolved "https://registry.npmmirror.com/require-from-string/-/require-from-string-2.0.2.tgz"
  integrity sha512-Xf0nWe6RseziFMu+Ap9biiUbmplq6S9/p+7w7YXP/JBHhrUDDUhwa+vANyubuqfZWTveU//DYVGsDG7RKL/vEw==

resolve-cwd@^3.0.0:
  version "3.0.0"
  resolved "https://registry.npmmirror.com/resolve-cwd/-/resolve-cwd-3.0.0.tgz"
  integrity sha512-OrZaX2Mb+rJCpH/6CpSqt9xFVpN++x01XnN2ie9g6P5/3xelLAkXWVADpdz1IHD/KFfEXyE6V0U01OQ3UO2rEg==
  dependencies:
    resolve-from "^5.0.0"

resolve-from@^5.0.0:
  version "5.0.0"
  resolved "https://registry.npmmirror.com/resolve-from/-/resolve-from-5.0.0.tgz"
  integrity sha512-qYg9KP24dD5qka9J47d0aVky0N+b4fTU89LN9iDnjB5waksiC49rvMB0PrUJQGoTmH50XPiqOvAjDfaijGxYZw==

resolve@^1.20.0:
  version "1.22.8"
  resolved "https://registry.npmmirror.com/resolve/-/resolve-1.22.8.tgz"
  integrity sha512-oKWePCxqpd6FlLvGV1VU0x7bkPmmCNolxzjMf4NczoDnQcIWrAF+cPtZn5i6n+RfD2d9i0tzpKnG6Yk168yIyw==
  dependencies:
    is-core-module "^2.13.0"
    path-parse "^1.0.7"
    supports-preserve-symlinks-flag "^1.0.0"

safe-buffer@^5.1.0:
  version "5.2.1"
  resolved "https://registry.npmmirror.com/safe-buffer/-/safe-buffer-5.2.1.tgz"
  integrity sha512-rp3So07KcdmmKbGvgaNxQSJr7bGVSVk5S9Eq1F+ppbRo70+YeaDxkw5Dd8NPN+GD6bjnYm2VuPuCXmpuYvmCXQ==

schema-utils@^3.1.1, schema-utils@^3.2.0:
  version "3.3.0"
  resolved "https://registry.npmmirror.com/schema-utils/-/schema-utils-3.3.0.tgz"
  integrity sha512-pN/yOAvcC+5rQ5nERGuwrjLlYvLTbCibnZ1I7B1LaiAz9BRBlE9GMgE/eqV30P7aJQUf7Ddimy/RsbYO/GrVGg==
  dependencies:
    "@types/json-schema" "^7.0.8"
    ajv "^6.12.5"
    ajv-keywords "^3.5.2"

semver@^7.3.5:
  version "7.5.4"
  resolved "https://registry.npmmirror.com/semver/-/semver-7.5.4.tgz"
  integrity sha512-1bCSESV6Pv+i21Hvpxp3Dx+pSD8lIPt8uVjRrxAUt/nbswYc+tK6Y2btiULjd4+fnq15PX+nqQDC7Oft7WkwcA==
  dependencies:
    lru-cache "^6.0.0"

serialize-javascript@^6.0.1:
  version "6.0.1"
  resolved "https://registry.npmmirror.com/serialize-javascript/-/serialize-javascript-6.0.1.tgz"
  integrity sha512-owoXEFjWRllis8/M1Q+Cw5k8ZH40e3zhp/ovX+Xr/vi1qj6QesbyXXViFbpNvWvPNAD62SutwEXavefrLJWj7w==
  dependencies:
    randombytes "^2.1.0"

shallow-clone@^3.0.0:
  version "3.0.1"
  resolved "https://registry.npmmirror.com/shallow-clone/-/shallow-clone-3.0.1.tgz"
  integrity sha512-/6KqX+GVUdqPuPPd2LxDDxzX6CAbjJehAAOKlNpqqUpAqPM6HeL8f+o3a+JsyGjn2lv0WY8UsTgUJjU9Ok55NA==
  dependencies:
    kind-of "^6.0.2"

shebang-command@^2.0.0:
  version "2.0.0"
  resolved "https://registry.npmmirror.com/shebang-command/-/shebang-command-2.0.0.tgz"
  integrity sha512-kHxr2zZpYtdmrN1qDjrrX/Z1rR1kG8Dx+gkpK1G4eXmvXswmcE1hTWBWYUzlraYw1/yZp6YuDY77YtvbN0dmDA==
  dependencies:
    shebang-regex "^3.0.0"

shebang-regex@^3.0.0:
  version "3.0.0"
  resolved "https://registry.npmmirror.com/shebang-regex/-/shebang-regex-3.0.0.tgz"
  integrity sha512-7++dFhtcx3353uBaq8DDR4NuxBetBzC7ZQOhmTQInHEd6bSrXdiEyzCvG07Z44UYdLShWUyXt5M/yhz8ekcb1A==

source-map-support@~0.5.20:
  version "0.5.21"
  resolved "https://registry.npmmirror.com/source-map-support/-/source-map-support-0.5.21.tgz"
  integrity sha512-uBHU3L3czsIyYXKX88fdrGovxdSCoTGDRZ6SYXtSRxLZUzHg5P/66Ht6uoUlHu9EZod+inXhKo3qQgwXUT/y1w==
  dependencies:
    buffer-from "^1.0.0"
    source-map "^0.6.0"

source-map@^0.6.0:
  version "0.6.1"
  resolved "https://registry.npmmirror.com/source-map/-/source-map-0.6.1.tgz"
  integrity sha512-UjgapumWlbMhkBgzT7Ykc5YXUT46F0iKu8SGXq0bcwP5dz/h0Plj6enJqjz1Zbq2l5WaqYnrVbwWOWMyF3F47g==

supports-color@^8.0.0:
  version "8.1.1"
  resolved "https://registry.npmmirror.com/supports-color/-/supports-color-8.1.1.tgz"
  integrity sha512-MpUEN2OodtUzxvKQl72cUF7RQ5EiHsGvSsVG0ia9c5RbWGL2CI4C7EpPS8UTBIplnlzZiNuV56w+FuNxy3ty2Q==
  dependencies:
    has-flag "^4.0.0"

supports-preserve-symlinks-flag@^1.0.0:
  version "1.0.0"
  resolved "https://registry.npmmirror.com/supports-preserve-symlinks-flag/-/supports-preserve-symlinks-flag-1.0.0.tgz"
  integrity sha512-ot0WnXS9fgdkgIcePe6RHNk1WA8+muPa6cSjeR3V8K27q9BB1rTE3R1p7Hv0z1ZyAc8s6Vvv8DIyWf681MAt0w==

tapable@^2.1.1, tapable@^2.2.0:
  version "2.2.1"
  resolved "https://registry.npmmirror.com/tapable/-/tapable-2.2.1.tgz"
  integrity sha512-GNzQvQTOIP6RyTfE2Qxb8ZVlNmw0n88vp1szwWRimP02mnTsx3Wtn5qRdqY9w2XduFNUgvOwhNnQsjwCp+kqaQ==

terser-webpack-plugin@^5.3.7:
  version "5.3.10"
  resolved "https://registry.npmmirror.com/terser-webpack-plugin/-/terser-webpack-plugin-5.3.10.tgz"
  integrity sha512-BKFPWlPDndPs+NGGCr1U59t0XScL5317Y0UReNrHaw9/FwhPENlq6bfgs+4yPfyP51vqC1bQ4rp1EfXW5ZSH9w==
  dependencies:
    "@jridgewell/trace-mapping" "^0.3.20"
    jest-worker "^27.4.5"
    schema-utils "^3.1.1"
    serialize-javascript "^6.0.1"
    terser "^5.26.0"

terser@^5.26.0:
  version "5.26.0"
  resolved "https://registry.npmmirror.com/terser/-/terser-5.26.0.tgz"
  integrity sha512-dytTGoE2oHgbNV9nTzgBEPaqAWvcJNl66VZ0BkJqlvp71IjO8CxdBx/ykCNb47cLnCmCvRZ6ZR0tLkqvZCdVBQ==
  dependencies:
    "@jridgewell/source-map" "^0.3.3"
    acorn "^8.8.2"
    commander "^2.20.0"
    source-map-support "~0.5.20"

type-fest@^2.17.0:
  version "2.19.0"
  resolved "https://registry.npmmirror.com/type-fest/-/type-fest-2.19.0.tgz"
  integrity sha512-RAH822pAdBgcNMAfWnCBU3CFZcfZ/i1eZjwFU/dsLKumyuuP3niueg2UAukXYF0E2AAoc82ZSSf9J0WQBinzHA==

undici-types@~5.26.4:
  version "5.26.5"
  resolved "https://registry.npmmirror.com/undici-types/-/undici-types-5.26.5.tgz"
  integrity sha512-JlCMO+ehdEIKqlFxk6IfVoAUVmgz7cU7zD/h9XZ0qzeosSHmUJVOzSQvvYSYWXkFXC+IfLKSIffhv0sVZup6pA==

update-browserslist-db@^1.0.13:
  version "1.0.13"
  resolved "https://registry.npmmirror.com/update-browserslist-db/-/update-browserslist-db-1.0.13.tgz"
  integrity sha512-xebP81SNcPuNpPP3uzeW1NYXxI3rxyJzF3pD6sH4jE7o/IX+WtSpwnVU+qIsDPyk0d3hmFQ7mjqc6AtV604hbg==
  dependencies:
    escalade "^3.1.1"
    picocolors "^1.0.0"

uri-js@^4.2.2:
  version "4.4.1"
  resolved "https://registry.npmmirror.com/uri-js/-/uri-js-4.4.1.tgz"
  integrity sha512-7rKUyy33Q1yc98pQ1DAmLtwX109F7TIfWlW1Ydo8Wl1ii1SeHieeh0HHfPeL2fMXK6z0s8ecKs9frCuLJvndBg==
  dependencies:
    punycode "^2.1.0"

uuid@^9.0.1:
  version "9.0.1"
  resolved "https://registry.npmmirror.com/uuid/-/uuid-9.0.1.tgz"
  integrity sha512-b+1eJOlsR9K8HJpow9Ok3fiWOWSIcIzXodvv0rQjVoOVNpWMpxf1wZNpt4y9h10odCNrqnYp1OBzRktckBe3sA==

watchpack@^2.4.0:
  version "2.4.0"
  resolved "https://registry.npmmirror.com/watchpack/-/watchpack-2.4.0.tgz"
  integrity sha512-Lcvm7MGST/4fup+ifyKi2hjyIAwcdI4HRgtvTpIUxBRhB+RFtUh8XtDOxUfctVCnhVi+QQj49i91OyvzkJl6cg==
  dependencies:
    glob-to-regexp "^0.4.1"
    graceful-fs "^4.1.2"

webpack-cli@^5.1.4:
  version "5.1.4"
  resolved "https://registry.npmmirror.com/webpack-cli/-/webpack-cli-5.1.4.tgz#c8e046ba7eaae4911d7e71e2b25b776fcc35759b"
  integrity sha512-pIDJHIEI9LR0yxHXQ+Qh95k2EvXpWzZ5l+d+jIo+RdSm9MiHfzazIxwwni/p7+x4eJZuvG1AJwgC4TNQ7NRgsg==
  dependencies:
    "@discoveryjs/json-ext" "^0.5.0"
    "@webpack-cli/configtest" "^2.1.1"
    "@webpack-cli/info" "^2.0.2"
    "@webpack-cli/serve" "^2.0.5"
    colorette "^2.0.14"
    commander "^10.0.1"
    cross-spawn "^7.0.3"
    envinfo "^7.7.3"
    fastest-levenshtein "^1.0.12"
    import-local "^3.0.2"
    interpret "^3.1.1"
    rechoir "^0.8.0"
    webpack-merge "^5.7.3"

webpack-merge@^5.7.3:
  version "5.10.0"
  resolved "https://registry.npmmirror.com/webpack-merge/-/webpack-merge-5.10.0.tgz"
  integrity sha512-+4zXKdx7UnO+1jaN4l2lHVD+mFvnlZQP/6ljaJVb4SZiwIKeUnrT5l0gkT8z+n4hKpC+jpOv6O9R+gLtag7pSA==
  dependencies:
    clone-deep "^4.0.1"
    flat "^5.0.2"
    wildcard "^2.0.0"

webpack-sources@^3.2.3:
  version "3.2.3"
  resolved "https://registry.npmmirror.com/webpack-sources/-/webpack-sources-3.2.3.tgz"
  integrity sha512-/DyMEOrDgLKKIG0fmvtz+4dUX/3Ghozwgm6iPp8KRhvn+eQf9+Q7GWxVNMk3+uCPWfdXYC4ExGBckIXdFEfH1w==

webpack@^5.89.0:
  version "5.89.0"
  resolved "https://registry.npmmirror.com/webpack/-/webpack-5.89.0.tgz"
  integrity sha512-qyfIC10pOr70V+jkmud8tMfajraGCZMBWJtrmuBymQKCrLTRejBI8STDp1MCyZu/QTdZSeacCQYpYNQVOzX5kw==
  dependencies:
    "@types/eslint-scope" "^3.7.3"
    "@types/estree" "^1.0.0"
    "@webassemblyjs/ast" "^1.11.5"
    "@webassemblyjs/wasm-edit" "^1.11.5"
    "@webassemblyjs/wasm-parser" "^1.11.5"
    acorn "^8.7.1"
    acorn-import-assertions "^1.9.0"
    browserslist "^4.14.5"
    chrome-trace-event "^1.0.2"
    enhanced-resolve "^5.15.0"
    es-module-lexer "^1.2.1"
    eslint-scope "5.1.1"
    events "^3.2.0"
    glob-to-regexp "^0.4.1"
    graceful-fs "^4.2.9"
    json-parse-even-better-errors "^2.3.1"
    loader-runner "^4.2.0"
    mime-types "^2.1.27"
    neo-async "^2.6.2"
    schema-utils "^3.2.0"
    tapable "^2.1.1"
    terser-webpack-plugin "^5.3.7"
    watchpack "^2.4.0"
    webpack-sources "^3.2.3"

which@^2.0.1:
  version "2.0.2"
  resolved "https://registry.npmmirror.com/which/-/which-2.0.2.tgz"
  integrity sha512-BLI3Tl1TW3Pvl70l3yq3Y64i+awpwXqsGBYWkkqMtnbXgrMD+yj7rhW0kuEDxzJaYXGjEW5ogapKNMEKNMjibA==
  dependencies:
    isexe "^2.0.0"

wildcard@^2.0.0:
  version "2.0.1"
  resolved "https://registry.npmmirror.com/wildcard/-/wildcard-2.0.1.tgz"
  integrity sha512-CC1bOL87PIWSBhDcTrdeLo6eGT7mCFtrg0uIJtqJUFyK+eJnzl8A1niH56uu7KMa5XFrtiV+AQuHO3n7DsHnLQ==

yallist@^4.0.0:
  version "4.0.0"
  resolved "https://registry.npmmirror.com/yallist/-/yallist-4.0.0.tgz"
  integrity sha512-3wdGidZyq5PB084XLES5TpOSRA3wjXAlIWMhum2kRcv/41Sn2emQ0dycQW4uZXLejwKvg6EsvbdlVL+FYEct7A==
